
Microsoft Visual Studio Solution File, Format Version 12.00
# Visual Studio Version 16
VisualStudioVersion = 16.0.29920.165
MinimumVisualStudioVersion = 10.0.40219.1
Project("{FAE04EC0-301F-11D3-BF4B-00C04F79EFBC}") = "NewUtilities", "NewUtilities\NewUtilities.csproj", "{B18A0E9F-684A-43A4-82BB-FCF0D8BFBFA8}"
EndProject
Project("{FAE04EC0-301F-11D3-BF4B-00C04F79EFBC}") = "NewUtilitiesTests", "NewUtilitiesTests\NewUtilitiesTests.csproj", "{B4E942C4-320B-4DEC-8742-B6F9A3A4E6BB}"
EndProject
Global
	GlobalSection(SolutionConfigurationPlatforms) = preSolution
		Debug|Any CPU = Debug|Any CPU
		Debug|x64 = Debug|x64
		Release|Any CPU = Release|Any CPU
		Release|x64 = Release|x64
	EndGlobalSection
	GlobalSection(ProjectConfigurationPlatforms) = postSolution
		{B18A0E9F-684A-43A4-82BB-FCF0D8BFBFA8}.Debug|Any CPU.ActiveCfg = Debug|Any CPU
		{B18A0E9F-684A-43A4-82BB-FCF0D8BFBFA8}.Debug|Any CPU.Build.0 = Debug|Any CPU
		{B18A0E9F-684A-43A4-82BB-FCF0D8BFBFA8}.Debug|x64.ActiveCfg = Debug|x64
		{B18A0E9F-684A-43A4-82BB-FCF0D8BFBFA8}.Debug|x64.Build.0 = Debug|x64
		{B18A0E9F-684A-43A4-82BB-FCF0D8BFBFA8}.Release|Any CPU.ActiveCfg = Release|Any CPU
		{B18A0E9F-684A-43A4-82BB-FCF0D8BFBFA8}.Release|Any CPU.Build.0 = Release|Any CPU
		{B18A0E9F-684A-43A4-82BB-FCF0D8BFBFA8}.Release|x64.ActiveCfg = Release|x64
		{B18A0E9F-684A-43A4-82BB-FCF0D8BFBFA8}.Release|x64.Build.0 = Release|x64
		{B4E942C4-320B-4DEC-8742-B6F9A3A4E6BB}.Debug|Any CPU.ActiveCfg = Debug|Any CPU
		{B4E942C4-320B-4DEC-8742-B6F9A3A4E6BB}.Debug|Any CPU.Build.0 = Debug|Any CPU
		{B4E942C4-320B-4DEC-8742-B6F9A3A4E6BB}.Debug|x64.ActiveCfg = Debug|Any CPU
		{B4E942C4-320B-4DEC-8742-B6F9A3A4E6BB}.Debug|x64.Build.0 = Debug|Any CPU
		{B4E942C4-320B-4DEC-8742-B6F9A3A4E6BB}.Release|Any CPU.ActiveCfg = Release|Any CPU
		{B4E942C4-320B-4DEC-8742-B6F9A3A4E6BB}.Release|Any CPU.Build.0 = Release|Any CPU
		{B4E942C4-320B-4DEC-8742-B6F9A3A4E6BB}.Release|x64.ActiveCfg = Release|Any CPU
		{B4E942C4-320B-4DEC-8742-B6F9A3A4E6BB}.Release|x64.Build.0 = Release|Any CPU
	EndGlobalSection
	GlobalSection(SolutionProperties) = preSolution
		HideSolutionNode = FALSE
	EndGlobalSection
	GlobalSection(ExtensibilityGlobals) = postSolution
		SolutionGuid = {3F1CD132-9968-482A-8BD8-EDA26D0A6E13}
	EndGlobalSection
EndGlobal
